
Microsoft Visual Studio Solution File, Format Version 12.00
# Visual Studio Version 17
VisualStudioVersion = 17.0.31903.59
MinimumVisualStudioVersion = 10.0.40219.1
Project("{2150E333-8FDC-42A3-9474-1A3956D46DE8}") = "src", "src", "{827E0CD3-B72D-47B6-A68D-7590B98EB39B}"
EndProject
Project("{2150E333-8FDC-42A3-9474-1A3956D46DE8}") = "BuildingBlocks", "BuildingBlocks", "{90298CBA-BD6F-3A0A-69D5-97CAD7B05E7E}"
EndProject
Project("{FAE04EC0-301F-11D3-BF4B-00C04F79EFBC}") = "BuildingBlocks.Contracts", "src\BuildingBlocks\BuildingBlocks.Contracts\BuildingBlocks.Contracts.csproj", "{81C1F6D8-810B-49E7-A29E-9BCC51F4F868}"
EndProject
Project("{FAE04EC0-301F-11D3-BF4B-00C04F79EFBC}") = "BuildingBlocks.Domain", "src\BuildingBlocks\BuildingBlocks.Domain\BuildingBlocks.Domain.csproj", "{DCBAFFBC-7883-458B-AFF5-8164663C077D}"
EndProject
Project("{FAE04EC0-301F-11D3-BF4B-00C04F79EFBC}") = "BuildingBlocks.Messaging", "src\BuildingBlocks\BuildingBlocks.Messaging\BuildingBlocks.Messaging.csproj", "{EC07DEF2-B2E7-467F-B56E-9199193513BE}"
EndProject
Project("{FAE04EC0-301F-11D3-BF4B-00C04F79EFBC}") = "BuildingBlocks.Observability", "src\BuildingBlocks\BuildingBlocks.Observability\BuildingBlocks.Observability.csproj", "{D4B58F36-69E3-463A-A2C1-E4F8B247112D}"
EndProject
Project("{FAE04EC0-301F-11D3-BF4B-00C04F79EFBC}") = "BuildingBlocks.Web", "src\BuildingBlocks\BuildingBlocks.Web\BuildingBlocks.Web.csproj", "{97467A93-E00B-483A-BA10-65C9CC737731}"
EndProject
Project("{FAE04EC0-301F-11D3-BF4B-00C04F79EFBC}") = "ApiGateway", "src\ApiGateway\ApiGateway.csproj", "{B2ECB11B-131A-43F6-9872-4F7397399C83}"
EndProject
Project("{2150E333-8FDC-42A3-9474-1A3956D46DE8}") = "Services", "Services", "{984BB9B3-3FA3-BE33-9484-CAC21695A33C}"
EndProject
Project("{2150E333-8FDC-42A3-9474-1A3956D46DE8}") = "Catalog", "Catalog", "{C91C1CF1-1625-0789-F869-53D87D6277BA}"
EndProject
Project("{FAE04EC0-301F-11D3-BF4B-00C04F79EFBC}") = "Catalog.Api", "src\Services\Catalog\Catalog.Api\Catalog.Api.csproj", "{8E82A973-B455-4B07-8DCE-2993C0598298}"
EndProject
Project("{FAE04EC0-301F-11D3-BF4B-00C04F79EFBC}") = "Catalog.Application", "src\Services\Catalog\Catalog.Application\Catalog.Application.csproj", "{5E618790-981B-402F-8BA7-9C74A9CB7244}"
EndProject
Project("{FAE04EC0-301F-11D3-BF4B-00C04F79EFBC}") = "Catalog.Domain", "src\Services\Catalog\Catalog.Domain\Catalog.Domain.csproj", "{29F54D28-D068-4E5E-B388-DAABC3366862}"
EndProject
Project("{FAE04EC0-301F-11D3-BF4B-00C04F79EFBC}") = "Catalog.Infrastructure", "src\Services\Catalog\Catalog.Infrastructure\Catalog.Infrastructure.csproj", "{AB1F4706-C4F2-4107-AA78-7A5A21258B6A}"
EndProject
Project("{2150E333-8FDC-42A3-9474-1A3956D46DE8}") = "Basket", "Basket", "{6C0557C3-B1C9-A54D-46F8-F4FBBDE30E30}"
EndProject
Project("{FAE04EC0-301F-11D3-BF4B-00C04F79EFBC}") = "Basket.Api", "src\Services\Basket\Basket.Api\Basket.Api.csproj", "{498744B2-8E24-42E8-94D3-D6DFFE251928}"
EndProject
Project("{FAE04EC0-301F-11D3-BF4B-00C04F79EFBC}") = "Basket.Application", "src\Services\Basket\Basket.Application\Basket.Application.csproj", "{51E47431-AAB1-4CFA-8920-2E49A284B8D9}"
EndProject
Project("{FAE04EC0-301F-11D3-BF4B-00C04F79EFBC}") = "Basket.Domain", "src\Services\Basket\Basket.Domain\Basket.Domain.csproj", "{765C16C1-6402-45CE-8D4E-7B56993D9DF9}"
EndProject
Project("{FAE04EC0-301F-11D3-BF4B-00C04F79EFBC}") = "Basket.Infrastructure", "src\Services\Basket\Basket.Infrastructure\Basket.Infrastructure.csproj", "{A63D3306-A31A-4AD6-B182-335EB974ED59}"
EndProject
Project("{2150E333-8FDC-42A3-9474-1A3956D46DE8}") = "Ordering", "Ordering", "{D3BAB01C-7F3F-8576-96BE-8BE70C9B9915}"
EndProject
Project("{FAE04EC0-301F-11D3-BF4B-00C04F79EFBC}") = "Ordering.Api", "src\Services\Ordering\Ordering.Api\Ordering.Api.csproj", "{D6FE4B82-DCBE-46F7-8B76-1B473A497DB0}"
EndProject
Project("{FAE04EC0-301F-11D3-BF4B-00C04F79EFBC}") = "Ordering.Application", "src\Services\Ordering\Ordering.Application\Ordering.Application.csproj", "{658F6793-8E7C-4152-8A4E-9A70DF26E572}"
EndProject
Project("{FAE04EC0-301F-11D3-BF4B-00C04F79EFBC}") = "Ordering.Domain", "src\Services\Ordering\Ordering.Domain\Ordering.Domain.csproj", "{FB7EEAEE-5A76-4879-A9A7-AA756A7AE2F1}"
EndProject
Project("{FAE04EC0-301F-11D3-BF4B-00C04F79EFBC}") = "Ordering.Infrastructure", "src\Services\Ordering\Ordering.Infrastructure\Ordering.Infrastructure.csproj", "{475D32E5-46DA-434F-AFC3-C7D8564CEB49}"
EndProject
Project("{2150E333-8FDC-42A3-9474-1A3956D46DE8}") = "tests", "tests", "{0AB3BF05-4346-4AA6-1389-037BE0695223}"
EndProject
Project("{FAE04EC0-301F-11D3-BF4B-00C04F79EFBC}") = "Catalog.UnitTests", "tests\Catalog.UnitTests\Catalog.UnitTests.csproj", "{5EC7D7C0-92C4-4538-A42D-DB8ADF107B3A}"
EndProject
Project("{FAE04EC0-301F-11D3-BF4B-00C04F79EFBC}") = "Basket.UnitTests", "tests\Basket.UnitTests\Basket.UnitTests.csproj", "{6E9DB235-84A9-4AB0-919F-DE19574AACE5}"
EndProject
Project("{FAE04EC0-301F-11D3-BF4B-00C04F79EFBC}") = "Ordering.UnitTests", "tests\Ordering.UnitTests\Ordering.UnitTests.csproj", "{D4A795FF-BB6C-4CB1-8931-59681FDA6937}"
EndProject
Project("{FAE04EC0-301F-11D3-BF4B-00C04F79EFBC}") = "IntegrationTests", "tests\IntegrationTests\IntegrationTests.csproj", "{5A097297-1668-4A69-B20C-01E726F69669}"
EndProject
Project("{2150E333-8FDC-42A3-9474-1A3956D46DE8}") = "Payment", "Payment", "{3FB03296-F262-2760-9861-73C41AF3766C}"
EndProject
Project("{FAE04EC0-301F-11D3-BF4B-00C04F79EFBC}") = "Payment.Worker", "src\Services\Payment\Payment.Worker\Payment.Worker.csproj", "{4A1C33A3-B58D-4C64-B48D-BF463AA09716}"
EndProject
Project("{FAE04EC0-301F-11D3-BF4B-00C04F79EFBC}") = "Payment.Infrastructure", "src\Services\Payment\Payment.Infrastructure\Payment.Infrastructure.csproj", "{2DB1C1D7-5DDB-4F7A-90AF-AE39C861DF5C}"
EndProject
Project("{FAE04EC0-301F-11D3-BF4B-00C04F79EFBC}") = "Payment.Application", "src\Services\Payment\Payment.Application\Payment.Application.csproj", "{4DFC56CF-0635-4DF5-B947-2BB337515705}"
EndProject
Project("{2150E333-8FDC-42A3-9474-1A3956D46DE8}") = "Inventory", "Inventory", "{CA15E31E-CB60-F235-5CDF-2E527A86A72C}"
EndProject
Project("{FAE04EC0-301F-11D3-BF4B-00C04F79EFBC}") = "Inventory.Api", "src\Services\Inventory\Inventory.Api\Inventory.Api.csproj", "{09D56EE5-8ED5-4E42-81EA-A21001885596}"
EndProject
Project("{FAE04EC0-301F-11D3-BF4B-00C04F79EFBC}") = "Inventory.Application", "src\Services\Inventory\Inventory.Application\Inventory.Application.csproj", "{6FF537CD-0B88-46B1-9214-63EBC28D2B13}"
EndProject
Project("{FAE04EC0-301F-11D3-BF4B-00C04F79EFBC}") = "Inventory.Domain", "src\Services\Inventory\Inventory.Domain\Inventory.Domain.csproj", "{6D373CD2-D2E4-432F-99FA-F8722DFF987F}"
EndProject
Project("{FAE04EC0-301F-11D3-BF4B-00C04F79EFBC}") = "Inventory.Infrastructure", "src\Services\Inventory\Inventory.Infrastructure\Inventory.Infrastructure.csproj", "{C5F503DC-47EE-40FA-95FD-632EF0698E84}"
EndProject
Project("{2150E333-8FDC-42A3-9474-1A3956D46DE8}") = "Notification", "Notification", "{C5FBE174-8E0F-F5A3-B929-8BD0C55C0A32}"
EndProject
Project("{FAE04EC0-301F-11D3-BF4B-00C04F79EFBC}") = "Notification.Worker", "src\Services\Notification\Notification.Worker\Notification.Worker.csproj", "{33640D46-67A5-417C-978F-B58D066B9CB9}"
EndProject
Project("{FAE04EC0-301F-11D3-BF4B-00C04F79EFBC}") = "Notification.Infrastructure", "src\Services\Notification\Notification.Infrastructure\Notification.Infrastructure.csproj", "{0E24369A-0712-454A-A2D1-1D38AC8A27D2}"
EndProject
Project("{FAE04EC0-301F-11D3-BF4B-00C04F79EFBC}") = "Notification.Application", "src\Services\Notification\Notification.Application\Notification.Application.csproj", "{118CAE26-BF6B-4C18-A94C-B7388B0C062C}"
EndProject
Project("{2150E333-8FDC-42A3-9474-1A3956D46DE8}") = "Identity", "Identity", "{1BFC9479-12BF-35C3-06B8-42D89D95092B}"
EndProject
Project("{FAE04EC0-301F-11D3-BF4B-00C04F79EFBC}") = "Identity.Domain", "src\Services\Identity\Identity.Domain\Identity.Domain.csproj", "{49A69F4E-FB55-42CF-91CE-08137FCFA9A6}"
EndProject
Project("{FAE04EC0-301F-11D3-BF4B-00C04F79EFBC}") = "Identity.Application", "src\Services\Identity\Identity.Application\Identity.Application.csproj", "{75A9690F-99E9-4319-A410-E19A8D374753}"
EndProject
Project("{FAE04EC0-301F-11D3-BF4B-00C04F79EFBC}") = "Identity.Infrastructure", "src\Services\Identity\Identity.Infrastructure\Identity.Infrastructure.csproj", "{95B6CF78-9E9D-4CE0-88D3-241517565268}"
EndProject
Project("{FAE04EC0-301F-11D3-BF4B-00C04F79EFBC}") = "Identity.Api", "src\Services\Identity\Identity.Api\Identity.Api.csproj", "{D1AD94A4-C7D0-4BB6-BCE1-6B4E15A6500A}"
EndProject
Project("{FAE04EC0-301F-11D3-BF4B-00C04F79EFBC}") = "Security.IntegrationTests", "tests\Security.IntegrationTests\Security.IntegrationTests.csproj", "{477A3FD3-423B-43CE-B26A-9145574FD5F2}"
EndProject
Global
	GlobalSection(SolutionConfigurationPlatforms) = preSolution
		Debug|Any CPU = Debug|Any CPU
		Debug|x64 = Debug|x64
		Debug|x86 = Debug|x86
		Release|Any CPU = Release|Any CPU
		Release|x64 = Release|x64
		Release|x86 = Release|x86
	EndGlobalSection
	GlobalSection(ProjectConfigurationPlatforms) = postSolution
		{81C1F6D8-810B-49E7-A29E-9BCC51F4F868}.Debug|Any CPU.ActiveCfg = Debug|Any CPU
		{81C1F6D8-810B-49E7-A29E-9BCC51F4F868}.Debug|Any CPU.Build.0 = Debug|Any CPU
		{81C1F6D8-810B-49E7-A29E-9BCC51F4F868}.Debug|x64.ActiveCfg = Debug|Any CPU
		{81C1F6D8-810B-49E7-A29E-9BCC51F4F868}.Debug|x64.Build.0 = Debug|Any CPU
		{81C1F6D8-810B-49E7-A29E-9BCC51F4F868}.Debug|x86.ActiveCfg = Debug|Any CPU
		{81C1F6D8-810B-49E7-A29E-9BCC51F4F868}.Debug|x86.Build.0 = Debug|Any CPU
		{81C1F6D8-810B-49E7-A29E-9BCC51F4F868}.Release|Any CPU.ActiveCfg = Release|Any CPU
		{81C1F6D8-810B-49E7-A29E-9BCC51F4F868}.Release|Any CPU.Build.0 = Release|Any CPU
		{81C1F6D8-810B-49E7-A29E-9BCC51F4F868}.Release|x64.ActiveCfg = Release|Any CPU
		{81C1F6D8-810B-49E7-A29E-9BCC51F4F868}.Release|x64.Build.0 = Release|Any CPU
		{81C1F6D8-810B-49E7-A29E-9BCC51F4F868}.Release|x86.ActiveCfg = Release|Any CPU
		{81C1F6D8-810B-49E7-A29E-9BCC51F4F868}.Release|x86.Build.0 = Release|Any CPU
		{DCBAFFBC-7883-458B-AFF5-8164663C077D}.Debug|Any CPU.ActiveCfg = Debug|Any CPU
		{DCBAFFBC-7883-458B-AFF5-8164663C077D}.Debug|Any CPU.Build.0 = Debug|Any CPU
		{DCBAFFBC-7883-458B-AFF5-8164663C077D}.Debug|x64.ActiveCfg = Debug|Any CPU
		{DCBAFFBC-7883-458B-AFF5-8164663C077D}.Debug|x64.Build.0 = Debug|Any CPU
		{DCBAFFBC-7883-458B-AFF5-8164663C077D}.Debug|x86.ActiveCfg = Debug|Any CPU
		{DCBAFFBC-7883-458B-AFF5-8164663C077D}.Debug|x86.Build.0 = Debug|Any CPU
		{DCBAFFBC-7883-458B-AFF5-8164663C077D}.Release|Any CPU.ActiveCfg = Release|Any CPU
		{DCBAFFBC-7883-458B-AFF5-8164663C077D}.Release|Any CPU.Build.0 = Release|Any CPU
		{DCBAFFBC-7883-458B-AFF5-8164663C077D}.Release|x64.ActiveCfg = Release|Any CPU
		{DCBAFFBC-7883-458B-AFF5-8164663C077D}.Release|x64.Build.0 = Release|Any CPU
		{DCBAFFBC-7883-458B-AFF5-8164663C077D}.Release|x86.ActiveCfg = Release|Any CPU
		{DCBAFFBC-7883-458B-AFF5-8164663C077D}.Release|x86.Build.0 = Release|Any CPU
		{EC07DEF2-B2E7-467F-B56E-9199193513BE}.Debug|Any CPU.ActiveCfg = Debug|Any CPU
		{EC07DEF2-B2E7-467F-B56E-9199193513BE}.Debug|Any CPU.Build.0 = Debug|Any CPU
		{EC07DEF2-B2E7-467F-B56E-9199193513BE}.Debug|x64.ActiveCfg = Debug|Any CPU
		{EC07DEF2-B2E7-467F-B56E-9199193513BE}.Debug|x64.Build.0 = Debug|Any CPU
		{EC07DEF2-B2E7-467F-B56E-9199193513BE}.Debug|x86.ActiveCfg = Debug|Any CPU
		{EC07DEF2-B2E7-467F-B56E-9199193513BE}.Debug|x86.Build.0 = Debug|Any CPU
		{EC07DEF2-B2E7-467F-B56E-9199193513BE}.Release|Any CPU.ActiveCfg = Release|Any CPU
		{EC07DEF2-B2E7-467F-B56E-9199193513BE}.Release|Any CPU.Build.0 = Release|Any CPU
		{EC07DEF2-B2E7-467F-B56E-9199193513BE}.Release|x64.ActiveCfg = Release|Any CPU
		{EC07DEF2-B2E7-467F-B56E-9199193513BE}.Release|x64.Build.0 = Release|Any CPU
		{EC07DEF2-B2E7-467F-B56E-9199193513BE}.Release|x86.ActiveCfg = Release|Any CPU
		{EC07DEF2-B2E7-467F-B56E-9199193513BE}.Release|x86.Build.0 = Release|Any CPU
		{D4B58F36-69E3-463A-A2C1-E4F8B247112D}.Debug|Any CPU.ActiveCfg = Debug|Any CPU
		{D4B58F36-69E3-463A-A2C1-E4F8B247112D}.Debug|Any CPU.Build.0 = Debug|Any CPU
		{D4B58F36-69E3-463A-A2C1-E4F8B247112D}.Debug|x64.ActiveCfg = Debug|Any CPU
		{D4B58F36-69E3-463A-A2C1-E4F8B247112D}.Debug|x64.Build.0 = Debug|Any CPU
		{D4B58F36-69E3-463A-A2C1-E4F8B247112D}.Debug|x86.ActiveCfg = Debug|Any CPU
		{D4B58F36-69E3-463A-A2C1-E4F8B247112D}.Debug|x86.Build.0 = Debug|Any CPU
		{D4B58F36-69E3-463A-A2C1-E4F8B247112D}.Release|Any CPU.ActiveCfg = Release|Any CPU
		{D4B58F36-69E3-463A-A2C1-E4F8B247112D}.Release|Any CPU.Build.0 = Release|Any CPU
		{D4B58F36-69E3-463A-A2C1-E4F8B247112D}.Release|x64.ActiveCfg = Release|Any CPU
		{D4B58F36-69E3-463A-A2C1-E4F8B247112D}.Release|x64.Build.0 = Release|Any CPU
		{D4B58F36-69E3-463A-A2C1-E4F8B247112D}.Release|x86.ActiveCfg = Release|Any CPU
		{D4B58F36-69E3-463A-A2C1-E4F8B247112D}.Release|x86.Build.0 = Release|Any CPU
		{97467A93-E00B-483A-BA10-65C9CC737731}.Debug|Any CPU.ActiveCfg = Debug|Any CPU
		{97467A93-E00B-483A-BA10-65C9CC737731}.Debug|Any CPU.Build.0 = Debug|Any CPU
		{97467A93-E00B-483A-BA10-65C9CC737731}.Debug|x64.ActiveCfg = Debug|Any CPU
		{97467A93-E00B-483A-BA10-65C9CC737731}.Debug|x64.Build.0 = Debug|Any CPU
		{97467A93-E00B-483A-BA10-65C9CC737731}.Debug|x86.ActiveCfg = Debug|Any CPU
		{97467A93-E00B-483A-BA10-65C9CC737731}.Debug|x86.Build.0 = Debug|Any CPU
		{97467A93-E00B-483A-BA10-65C9CC737731}.Release|Any CPU.ActiveCfg = Release|Any CPU
		{97467A93-E00B-483A-BA10-65C9CC737731}.Release|Any CPU.Build.0 = Release|Any CPU
		{97467A93-E00B-483A-BA10-65C9CC737731}.Release|x64.ActiveCfg = Release|Any CPU
		{97467A93-E00B-483A-BA10-65C9CC737731}.Release|x64.Build.0 = Release|Any CPU
		{97467A93-E00B-483A-BA10-65C9CC737731}.Release|x86.ActiveCfg = Release|Any CPU
		{97467A93-E00B-483A-BA10-65C9CC737731}.Release|x86.Build.0 = Release|Any CPU
		{B2ECB11B-131A-43F6-9872-4F7397399C83}.Debug|Any CPU.ActiveCfg = Debug|Any CPU
		{B2ECB11B-131A-43F6-9872-4F7397399C83}.Debug|Any CPU.Build.0 = Debug|Any CPU
		{B2ECB11B-131A-43F6-9872-4F7397399C83}.Debug|x64.ActiveCfg = Debug|Any CPU
		{B2ECB11B-131A-43F6-9872-4F7397399C83}.Debug|x64.Build.0 = Debug|Any CPU
		{B2ECB11B-131A-43F6-9872-4F7397399C83}.Debug|x86.ActiveCfg = Debug|Any CPU
		{B2ECB11B-131A-43F6-9872-4F7397399C83}.Debug|x86.Build.0 = Debug|Any CPU
		{B2ECB11B-131A-43F6-9872-4F7397399C83}.Release|Any CPU.ActiveCfg = Release|Any CPU
		{B2ECB11B-131A-43F6-9872-4F7397399C83}.Release|Any CPU.Build.0 = Release|Any CPU
		{B2ECB11B-131A-43F6-9872-4F7397399C83}.Release|x64.ActiveCfg = Release|Any CPU
		{B2ECB11B-131A-43F6-9872-4F7397399C83}.Release|x64.Build.0 = Release|Any CPU
		{B2ECB11B-131A-43F6-9872-4F7397399C83}.Release|x86.ActiveCfg = Release|Any CPU
		{B2ECB11B-131A-43F6-9872-4F7397399C83}.Release|x86.Build.0 = Release|Any CPU
		{8E82A973-B455-4B07-8DCE-2993C0598298}.Debug|Any CPU.ActiveCfg = Debug|Any CPU
		{8E82A973-B455-4B07-8DCE-2993C0598298}.Debug|Any CPU.Build.0 = Debug|Any CPU
		{8E82A973-B455-4B07-8DCE-2993C0598298}.Debug|x64.ActiveCfg = Debug|Any CPU
		{8E82A973-B455-4B07-8DCE-2993C0598298}.Debug|x64.Build.0 = Debug|Any CPU
		{8E82A973-B455-4B07-8DCE-2993C0598298}.Debug|x86.ActiveCfg = Debug|Any CPU
		{8E82A973-B455-4B07-8DCE-2993C0598298}.Debug|x86.Build.0 = Debug|Any CPU
		{8E82A973-B455-4B07-8DCE-2993C0598298}.Release|Any CPU.ActiveCfg = Release|Any CPU
		{8E82A973-B455-4B07-8DCE-2993C0598298}.Release|Any CPU.Build.0 = Release|Any CPU
		{8E82A973-B455-4B07-8DCE-2993C0598298}.Release|x64.ActiveCfg = Release|Any CPU
		{8E82A973-B455-4B07-8DCE-2993C0598298}.Release|x64.Build.0 = Release|Any CPU
		{8E82A973-B455-4B07-8DCE-2993C0598298}.Release|x86.ActiveCfg = Release|Any CPU
		{8E82A973-B455-4B07-8DCE-2993C0598298}.Release|x86.Build.0 = Release|Any CPU
		{5E618790-981B-402F-8BA7-9C74A9CB7244}.Debug|Any CPU.ActiveCfg = Debug|Any CPU
		{5E618790-981B-402F-8BA7-9C74A9CB7244}.Debug|Any CPU.Build.0 = Debug|Any CPU
		{5E618790-981B-402F-8BA7-9C74A9CB7244}.Debug|x64.ActiveCfg = Debug|Any CPU
		{5E618790-981B-402F-8BA7-9C74A9CB7244}.Debug|x64.Build.0 = Debug|Any CPU
		{5E618790-981B-402F-8BA7-9C74A9CB7244}.Debug|x86.ActiveCfg = Debug|Any CPU
		{5E618790-981B-402F-8BA7-9C74A9CB7244}.Debug|x86.Build.0 = Debug|Any CPU
		{5E618790-981B-402F-8BA7-9C74A9CB7244}.Release|Any CPU.ActiveCfg = Release|Any CPU
		{5E618790-981B-402F-8BA7-9C74A9CB7244}.Release|Any CPU.Build.0 = Release|Any CPU
		{5E618790-981B-402F-8BA7-9C74A9CB7244}.Release|x64.ActiveCfg = Release|Any CPU
		{5E618790-981B-402F-8BA7-9C74A9CB7244}.Release|x64.Build.0 = Release|Any CPU
		{5E618790-981B-402F-8BA7-9C74A9CB7244}.Release|x86.ActiveCfg = Release|Any CPU
		{5E618790-981B-402F-8BA7-9C74A9CB7244}.Release|x86.Build.0 = Release|Any CPU
		{29F54D28-D068-4E5E-B388-DAABC3366862}.Debug|Any CPU.ActiveCfg = Debug|Any CPU
		{29F54D28-D068-4E5E-B388-DAABC3366862}.Debug|Any CPU.Build.0 = Debug|Any CPU
		{29F54D28-D068-4E5E-B388-DAABC3366862}.Debug|x64.ActiveCfg = Debug|Any CPU
		{29F54D28-D068-4E5E-B388-DAABC3366862}.Debug|x64.Build.0 = Debug|Any CPU
		{29F54D28-D068-4E5E-B388-DAABC3366862}.Debug|x86.ActiveCfg = Debug|Any CPU
		{29F54D28-D068-4E5E-B388-DAABC3366862}.Debug|x86.Build.0 = Debug|Any CPU
		{29F54D28-D068-4E5E-B388-DAABC3366862}.Release|Any CPU.ActiveCfg = Release|Any CPU
		{29F54D28-D068-4E5E-B388-DAABC3366862}.Release|Any CPU.Build.0 = Release|Any CPU
		{29F54D28-D068-4E5E-B388-DAABC3366862}.Release|x64.ActiveCfg = Release|Any CPU
		{29F54D28-D068-4E5E-B388-DAABC3366862}.Release|x64.Build.0 = Release|Any CPU
		{29F54D28-D068-4E5E-B388-DAABC3366862}.Release|x86.ActiveCfg = Release|Any CPU
		{29F54D28-D068-4E5E-B388-DAABC3366862}.Release|x86.Build.0 = Release|Any CPU
		{AB1F4706-C4F2-4107-AA78-7A5A21258B6A}.Debug|Any CPU.ActiveCfg = Debug|Any CPU
		{AB1F4706-C4F2-4107-AA78-7A5A21258B6A}.Debug|Any CPU.Build.0 = Debug|Any CPU
		{AB1F4706-C4F2-4107-AA78-7A5A21258B6A}.Debug|x64.ActiveCfg = Debug|Any CPU
		{AB1F4706-C4F2-4107-AA78-7A5A21258B6A}.Debug|x64.Build.0 = Debug|Any CPU
		{AB1F4706-C4F2-4107-AA78-7A5A21258B6A}.Debug|x86.ActiveCfg = Debug|Any CPU
		{AB1F4706-C4F2-4107-AA78-7A5A21258B6A}.Debug|x86.Build.0 = Debug|Any CPU
		{AB1F4706-C4F2-4107-AA78-7A5A21258B6A}.Release|Any CPU.ActiveCfg = Release|Any CPU
		{AB1F4706-C4F2-4107-AA78-7A5A21258B6A}.Release|Any CPU.Build.0 = Release|Any CPU
		{AB1F4706-C4F2-4107-AA78-7A5A21258B6A}.Release|x64.ActiveCfg = Release|Any CPU
		{AB1F4706-C4F2-4107-AA78-7A5A21258B6A}.Release|x64.Build.0 = Release|Any CPU
		{AB1F4706-C4F2-4107-AA78-7A5A21258B6A}.Release|x86.ActiveCfg = Release|Any CPU
		{AB1F4706-C4F2-4107-AA78-7A5A21258B6A}.Release|x86.Build.0 = Release|Any CPU
		{498744B2-8E24-42E8-94D3-D6DFFE251928}.Debug|Any CPU.ActiveCfg = Debug|Any CPU
		{498744B2-8E24-42E8-94D3-D6DFFE251928}.Debug|Any CPU.Build.0 = Debug|Any CPU
		{498744B2-8E24-42E8-94D3-D6DFFE251928}.Debug|x64.ActiveCfg = Debug|Any CPU
		{498744B2-8E24-42E8-94D3-D6DFFE251928}.Debug|x64.Build.0 = Debug|Any CPU
		{498744B2-8E24-42E8-94D3-D6DFFE251928}.Debug|x86.ActiveCfg = Debug|Any CPU
		{498744B2-8E24-42E8-94D3-D6DFFE251928}.Debug|x86.Build.0 = Debug|Any CPU
		{498744B2-8E24-42E8-94D3-D6DFFE251928}.Release|Any CPU.ActiveCfg = Release|Any CPU
		{498744B2-8E24-42E8-94D3-D6DFFE251928}.Release|Any CPU.Build.0 = Release|Any CPU
		{498744B2-8E24-42E8-94D3-D6DFFE251928}.Release|x64.ActiveCfg = Release|Any CPU
		{498744B2-8E24-42E8-94D3-D6DFFE251928}.Release|x64.Build.0 = Release|Any CPU
		{498744B2-8E24-42E8-94D3-D6DFFE251928}.Release|x86.ActiveCfg = Release|Any CPU
		{498744B2-8E24-42E8-94D3-D6DFFE251928}.Release|x86.Build.0 = Release|Any CPU
		{51E47431-AAB1-4CFA-8920-2E49A284B8D9}.Debug|Any CPU.ActiveCfg = Debug|Any CPU
		{51E47431-AAB1-4CFA-8920-2E49A284B8D9}.Debug|Any CPU.Build.0 = Debug|Any CPU
		{51E47431-AAB1-4CFA-8920-2E49A284B8D9}.Debug|x64.ActiveCfg = Debug|Any CPU
		{51E47431-AAB1-4CFA-8920-2E49A284B8D9}.Debug|x64.Build.0 = Debug|Any CPU
		{51E47431-AAB1-4CFA-8920-2E49A284B8D9}.Debug|x86.ActiveCfg = Debug|Any CPU
		{51E47431-AAB1-4CFA-8920-2E49A284B8D9}.Debug|x86.Build.0 = Debug|Any CPU
		{51E47431-AAB1-4CFA-8920-2E49A284B8D9}.Release|Any CPU.ActiveCfg = Release|Any CPU
		{51E47431-AAB1-4CFA-8920-2E49A284B8D9}.Release|Any CPU.Build.0 = Release|Any CPU
		{51E47431-AAB1-4CFA-8920-2E49A284B8D9}.Release|x64.ActiveCfg = Release|Any CPU
		{51E47431-AAB1-4CFA-8920-2E49A284B8D9}.Release|x64.Build.0 = Release|Any CPU
		{51E47431-AAB1-4CFA-8920-2E49A284B8D9}.Release|x86.ActiveCfg = Release|Any CPU
		{51E47431-AAB1-4CFA-8920-2E49A284B8D9}.Release|x86.Build.0 = Release|Any CPU
		{765C16C1-6402-45CE-8D4E-7B56993D9DF9}.Debug|Any CPU.ActiveCfg = Debug|Any CPU
		{765C16C1-6402-45CE-8D4E-7B56993D9DF9}.Debug|Any CPU.Build.0 = Debug|Any CPU
		{765C16C1-6402-45CE-8D4E-7B56993D9DF9}.Debug|x64.ActiveCfg = Debug|Any CPU
		{765C16C1-6402-45CE-8D4E-7B56993D9DF9}.Debug|x64.Build.0 = Debug|Any CPU
		{765C16C1-6402-45CE-8D4E-7B56993D9DF9}.Debug|x86.ActiveCfg = Debug|Any CPU
		{765C16C1-6402-45CE-8D4E-7B56993D9DF9}.Debug|x86.Build.0 = Debug|Any CPU
		{765C16C1-6402-45CE-8D4E-7B56993D9DF9}.Release|Any CPU.ActiveCfg = Release|Any CPU
		{765C16C1-6402-45CE-8D4E-7B56993D9DF9}.Release|Any CPU.Build.0 = Release|Any CPU
		{765C16C1-6402-45CE-8D4E-7B56993D9DF9}.Release|x64.ActiveCfg = Release|Any CPU
		{765C16C1-6402-45CE-8D4E-7B56993D9DF9}.Release|x64.Build.0 = Release|Any CPU
		{765C16C1-6402-45CE-8D4E-7B56993D9DF9}.Release|x86.ActiveCfg = Release|Any CPU
		{765C16C1-6402-45CE-8D4E-7B56993D9DF9}.Release|x86.Build.0 = Release|Any CPU
		{A63D3306-A31A-4AD6-B182-335EB974ED59}.Debug|Any CPU.ActiveCfg = Debug|Any CPU
		{A63D3306-A31A-4AD6-B182-335EB974ED59}.Debug|Any CPU.Build.0 = Debug|Any CPU
		{A63D3306-A31A-4AD6-B182-335EB974ED59}.Debug|x64.ActiveCfg = Debug|Any CPU
		{A63D3306-A31A-4AD6-B182-335EB974ED59}.Debug|x64.Build.0 = Debug|Any CPU
		{A63D3306-A31A-4AD6-B182-335EB974ED59}.Debug|x86.ActiveCfg = Debug|Any CPU
		{A63D3306-A31A-4AD6-B182-335EB974ED59}.Debug|x86.Build.0 = Debug|Any CPU
		{A63D3306-A31A-4AD6-B182-335EB974ED59}.Release|Any CPU.ActiveCfg = Release|Any CPU
		{A63D3306-A31A-4AD6-B182-335EB974ED59}.Release|Any CPU.Build.0 = Release|Any CPU
		{A63D3306-A31A-4AD6-B182-335EB974ED59}.Release|x64.ActiveCfg = Release|Any CPU
		{A63D3306-A31A-4AD6-B182-335EB974ED59}.Release|x64.Build.0 = Release|Any CPU
		{A63D3306-A31A-4AD6-B182-335EB974ED59}.Release|x86.ActiveCfg = Release|Any CPU
		{A63D3306-A31A-4AD6-B182-335EB974ED59}.Release|x86.Build.0 = Release|Any CPU
		{D6FE4B82-DCBE-46F7-8B76-1B473A497DB0}.Debug|Any CPU.ActiveCfg = Debug|Any CPU
		{D6FE4B82-DCBE-46F7-8B76-1B473A497DB0}.Debug|Any CPU.Build.0 = Debug|Any CPU
		{D6FE4B82-DCBE-46F7-8B76-1B473A497DB0}.Debug|x64.ActiveCfg = Debug|Any CPU
		{D6FE4B82-DCBE-46F7-8B76-1B473A497DB0}.Debug|x64.Build.0 = Debug|Any CPU
		{D6FE4B82-DCBE-46F7-8B76-1B473A497DB0}.Debug|x86.ActiveCfg = Debug|Any CPU
		{D6FE4B82-DCBE-46F7-8B76-1B473A497DB0}.Debug|x86.Build.0 = Debug|Any CPU
		{D6FE4B82-DCBE-46F7-8B76-1B473A497DB0}.Release|Any CPU.ActiveCfg = Release|Any CPU
		{D6FE4B82-DCBE-46F7-8B76-1B473A497DB0}.Release|Any CPU.Build.0 = Release|Any CPU
		{D6FE4B82-DCBE-46F7-8B76-1B473A497DB0}.Release|x64.ActiveCfg = Release|Any CPU
		{D6FE4B82-DCBE-46F7-8B76-1B473A497DB0}.Release|x64.Build.0 = Release|Any CPU
		{D6FE4B82-DCBE-46F7-8B76-1B473A497DB0}.Release|x86.ActiveCfg = Release|Any CPU
		{D6FE4B82-DCBE-46F7-8B76-1B473A497DB0}.Release|x86.Build.0 = Release|Any CPU
		{658F6793-8E7C-4152-8A4E-9A70DF26E572}.Debug|Any CPU.ActiveCfg = Debug|Any CPU
		{658F6793-8E7C-4152-8A4E-9A70DF26E572}.Debug|Any CPU.Build.0 = Debug|Any CPU
		{658F6793-8E7C-4152-8A4E-9A70DF26E572}.Debug|x64.ActiveCfg = Debug|Any CPU
		{658F6793-8E7C-4152-8A4E-9A70DF26E572}.Debug|x64.Build.0 = Debug|Any CPU
		{658F6793-8E7C-4152-8A4E-9A70DF26E572}.Debug|x86.ActiveCfg = Debug|Any CPU
		{658F6793-8E7C-4152-8A4E-9A70DF26E572}.Debug|x86.Build.0 = Debug|Any CPU
		{658F6793-8E7C-4152-8A4E-9A70DF26E572}.Release|Any CPU.ActiveCfg = Release|Any CPU
		{658F6793-8E7C-4152-8A4E-9A70DF26E572}.Release|Any CPU.Build.0 = Release|Any CPU
		{658F6793-8E7C-4152-8A4E-9A70DF26E572}.Release|x64.ActiveCfg = Release|Any CPU
		{658F6793-8E7C-4152-8A4E-9A70DF26E572}.Release|x64.Build.0 = Release|Any CPU
		{658F6793-8E7C-4152-8A4E-9A70DF26E572}.Release|x86.ActiveCfg = Release|Any CPU
		{658F6793-8E7C-4152-8A4E-9A70DF26E572}.Release|x86.Build.0 = Release|Any CPU
		{FB7EEAEE-5A76-4879-A9A7-AA756A7AE2F1}.Debug|Any CPU.ActiveCfg = Debug|Any CPU
		{FB7EEAEE-5A76-4879-A9A7-AA756A7AE2F1}.Debug|Any CPU.Build.0 = Debug|Any CPU
		{FB7EEAEE-5A76-4879-A9A7-AA756A7AE2F1}.Debug|x64.ActiveCfg = Debug|Any CPU
		{FB7EEAEE-5A76-4879-A9A7-AA756A7AE2F1}.Debug|x64.Build.0 = Debug|Any CPU
		{FB7EEAEE-5A76-4879-A9A7-AA756A7AE2F1}.Debug|x86.ActiveCfg = Debug|Any CPU
		{FB7EEAEE-5A76-4879-A9A7-AA756A7AE2F1}.Debug|x86.Build.0 = Debug|Any CPU
		{FB7EEAEE-5A76-4879-A9A7-AA756A7AE2F1}.Release|Any CPU.ActiveCfg = Release|Any CPU
		{FB7EEAEE-5A76-4879-A9A7-AA756A7AE2F1}.Release|Any CPU.Build.0 = Release|Any CPU
		{FB7EEAEE-5A76-4879-A9A7-AA756A7AE2F1}.Release|x64.ActiveCfg = Release|Any CPU
		{FB7EEAEE-5A76-4879-A9A7-AA756A7AE2F1}.Release|x64.Build.0 = Release|Any CPU
		{FB7EEAEE-5A76-4879-A9A7-AA756A7AE2F1}.Release|x86.ActiveCfg = Release|Any CPU
		{FB7EEAEE-5A76-4879-A9A7-AA756A7AE2F1}.Release|x86.Build.0 = Release|Any CPU
		{475D32E5-46DA-434F-AFC3-C7D8564CEB49}.Debug|Any CPU.ActiveCfg = Debug|Any CPU
		{475D32E5-46DA-434F-AFC3-C7D8564CEB49}.Debug|Any CPU.Build.0 = Debug|Any CPU
		{475D32E5-46DA-434F-AFC3-C7D8564CEB49}.Debug|x64.ActiveCfg = Debug|Any CPU
		{475D32E5-46DA-434F-AFC3-C7D8564CEB49}.Debug|x64.Build.0 = Debug|Any CPU
		{475D32E5-46DA-434F-AFC3-C7D8564CEB49}.Debug|x86.ActiveCfg = Debug|Any CPU
		{475D32E5-46DA-434F-AFC3-C7D8564CEB49}.Debug|x86.Build.0 = Debug|Any CPU
		{475D32E5-46DA-434F-AFC3-C7D8564CEB49}.Release|Any CPU.ActiveCfg = Release|Any CPU
		{475D32E5-46DA-434F-AFC3-C7D8564CEB49}.Release|Any CPU.Build.0 = Release|Any CPU
		{475D32E5-46DA-434F-AFC3-C7D8564CEB49}.Release|x64.ActiveCfg = Release|Any CPU
		{475D32E5-46DA-434F-AFC3-C7D8564CEB49}.Release|x64.Build.0 = Release|Any CPU
		{475D32E5-46DA-434F-AFC3-C7D8564CEB49}.Release|x86.ActiveCfg = Release|Any CPU
		{475D32E5-46DA-434F-AFC3-C7D8564CEB49}.Release|x86.Build.0 = Release|Any CPU
		{5EC7D7C0-92C4-4538-A42D-DB8ADF107B3A}.Debug|Any CPU.ActiveCfg = Debug|Any CPU
		{5EC7D7C0-92C4-4538-A42D-DB8ADF107B3A}.Debug|Any CPU.Build.0 = Debug|Any CPU
		{5EC7D7C0-92C4-4538-A42D-DB8ADF107B3A}.Debug|x64.ActiveCfg = Debug|Any CPU
		{5EC7D7C0-92C4-4538-A42D-DB8ADF107B3A}.Debug|x64.Build.0 = Debug|Any CPU
		{5EC7D7C0-92C4-4538-A42D-DB8ADF107B3A}.Debug|x86.ActiveCfg = Debug|Any CPU
		{5EC7D7C0-92C4-4538-A42D-DB8ADF107B3A}.Debug|x86.Build.0 = Debug|Any CPU
		{5EC7D7C0-92C4-4538-A42D-DB8ADF107B3A}.Release|Any CPU.ActiveCfg = Release|Any CPU
		{5EC7D7C0-92C4-4538-A42D-DB8ADF107B3A}.Release|Any CPU.Build.0 = Release|Any CPU
		{5EC7D7C0-92C4-4538-A42D-DB8ADF107B3A}.Release|x64.ActiveCfg = Release|Any CPU
		{5EC7D7C0-92C4-4538-A42D-DB8ADF107B3A}.Release|x64.Build.0 = Release|Any CPU
		{5EC7D7C0-92C4-4538-A42D-DB8ADF107B3A}.Release|x86.ActiveCfg = Release|Any CPU
		{5EC7D7C0-92C4-4538-A42D-DB8ADF107B3A}.Release|x86.Build.0 = Release|Any CPU
		{6E9DB235-84A9-4AB0-919F-DE19574AACE5}.Debug|Any CPU.ActiveCfg = Debug|Any CPU
		{6E9DB235-84A9-4AB0-919F-DE19574AACE5}.Debug|Any CPU.Build.0 = Debug|Any CPU
		{6E9DB235-84A9-4AB0-919F-DE19574AACE5}.Debug|x64.ActiveCfg = Debug|Any CPU
		{6E9DB235-84A9-4AB0-919F-DE19574AACE5}.Debug|x64.Build.0 = Debug|Any CPU
		{6E9DB235-84A9-4AB0-919F-DE19574AACE5}.Debug|x86.ActiveCfg = Debug|Any CPU
		{6E9DB235-84A9-4AB0-919F-DE19574AACE5}.Debug|x86.Build.0 = Debug|Any CPU
		{6E9DB235-84A9-4AB0-919F-DE19574AACE5}.Release|Any CPU.ActiveCfg = Release|Any CPU
		{6E9DB235-84A9-4AB0-919F-DE19574AACE5}.Release|Any CPU.Build.0 = Release|Any CPU
		{6E9DB235-84A9-4AB0-919F-DE19574AACE5}.Release|x64.ActiveCfg = Release|Any CPU
		{6E9DB235-84A9-4AB0-919F-DE19574AACE5}.Release|x64.Build.0 = Release|Any CPU
		{6E9DB235-84A9-4AB0-919F-DE19574AACE5}.Release|x86.ActiveCfg = Release|Any CPU
		{6E9DB235-84A9-4AB0-919F-DE19574AACE5}.Release|x86.Build.0 = Release|Any CPU
		{D4A795FF-BB6C-4CB1-8931-59681FDA6937}.Debug|Any CPU.ActiveCfg = Debug|Any CPU
		{D4A795FF-BB6C-4CB1-8931-59681FDA6937}.Debug|Any CPU.Build.0 = Debug|Any CPU
		{D4A795FF-BB6C-4CB1-8931-59681FDA6937}.Debug|x64.ActiveCfg = Debug|Any CPU
		{D4A795FF-BB6C-4CB1-8931-59681FDA6937}.Debug|x64.Build.0 = Debug|Any CPU
		{D4A795FF-BB6C-4CB1-8931-59681FDA6937}.Debug|x86.ActiveCfg = Debug|Any CPU
		{D4A795FF-BB6C-4CB1-8931-59681FDA6937}.Debug|x86.Build.0 = Debug|Any CPU
		{D4A795FF-BB6C-4CB1-8931-59681FDA6937}.Release|Any CPU.ActiveCfg = Release|Any CPU
		{D4A795FF-BB6C-4CB1-8931-59681FDA6937}.Release|Any CPU.Build.0 = Release|Any CPU
		{D4A795FF-BB6C-4CB1-8931-59681FDA6937}.Release|x64.ActiveCfg = Release|Any CPU
		{D4A795FF-BB6C-4CB1-8931-59681FDA6937}.Release|x64.Build.0 = Release|Any CPU
		{D4A795FF-BB6C-4CB1-8931-59681FDA6937}.Release|x86.ActiveCfg = Release|Any CPU
		{D4A795FF-BB6C-4CB1-8931-59681FDA6937}.Release|x86.Build.0 = Release|Any CPU
		{5A097297-1668-4A69-B20C-01E726F69669}.Debug|Any CPU.ActiveCfg = Debug|Any CPU
		{5A097297-1668-4A69-B20C-01E726F69669}.Debug|Any CPU.Build.0 = Debug|Any CPU
		{5A097297-1668-4A69-B20C-01E726F69669}.Debug|x64.ActiveCfg = Debug|Any CPU
		{5A097297-1668-4A69-B20C-01E726F69669}.Debug|x64.Build.0 = Debug|Any CPU
		{5A097297-1668-4A69-B20C-01E726F69669}.Debug|x86.ActiveCfg = Debug|Any CPU
		{5A097297-1668-4A69-B20C-01E726F69669}.Debug|x86.Build.0 = Debug|Any CPU
		{5A097297-1668-4A69-B20C-01E726F69669}.Release|Any CPU.ActiveCfg = Release|Any CPU
		{5A097297-1668-4A69-B20C-01E726F69669}.Release|Any CPU.Build.0 = Release|Any CPU
		{5A097297-1668-4A69-B20C-01E726F69669}.Release|x64.ActiveCfg = Release|Any CPU
		{5A097297-1668-4A69-B20C-01E726F69669}.Release|x64.Build.0 = Release|Any CPU
		{5A097297-1668-4A69-B20C-01E726F69669}.Release|x86.ActiveCfg = Release|Any CPU
		{5A097297-1668-4A69-B20C-01E726F69669}.Release|x86.Build.0 = Release|Any CPU
		{4A1C33A3-B58D-4C64-B48D-BF463AA09716}.Debug|Any CPU.ActiveCfg = Debug|Any CPU
		{4A1C33A3-B58D-4C64-B48D-BF463AA09716}.Debug|Any CPU.Build.0 = Debug|Any CPU
		{4A1C33A3-B58D-4C64-B48D-BF463AA09716}.Debug|x64.ActiveCfg = Debug|Any CPU
		{4A1C33A3-B58D-4C64-B48D-BF463AA09716}.Debug|x64.Build.0 = Debug|Any CPU
		{4A1C33A3-B58D-4C64-B48D-BF463AA09716}.Debug|x86.ActiveCfg = Debug|Any CPU
		{4A1C33A3-B58D-4C64-B48D-BF463AA09716}.Debug|x86.Build.0 = Debug|Any CPU
		{4A1C33A3-B58D-4C64-B48D-BF463AA09716}.Release|Any CPU.ActiveCfg = Release|Any CPU
		{4A1C33A3-B58D-4C64-B48D-BF463AA09716}.Release|Any CPU.Build.0 = Release|Any CPU
		{4A1C33A3-B58D-4C64-B48D-BF463AA09716}.Release|x64.ActiveCfg = Release|Any CPU
		{4A1C33A3-B58D-4C64-B48D-BF463AA09716}.Release|x64.Build.0 = Release|Any CPU
		{4A1C33A3-B58D-4C64-B48D-BF463AA09716}.Release|x86.ActiveCfg = Release|Any CPU
		{4A1C33A3-B58D-4C64-B48D-BF463AA09716}.Release|x86.Build.0 = Release|Any CPU
		{2DB1C1D7-5DDB-4F7A-90AF-AE39C861DF5C}.Debug|Any CPU.ActiveCfg = Debug|Any CPU
		{2DB1C1D7-5DDB-4F7A-90AF-AE39C861DF5C}.Debug|Any CPU.Build.0 = Debug|Any CPU
		{2DB1C1D7-5DDB-4F7A-90AF-AE39C861DF5C}.Debug|x64.ActiveCfg = Debug|Any CPU
		{2DB1C1D7-5DDB-4F7A-90AF-AE39C861DF5C}.Debug|x64.Build.0 = Debug|Any CPU
		{2DB1C1D7-5DDB-4F7A-90AF-AE39C861DF5C}.Debug|x86.ActiveCfg = Debug|Any CPU
		{2DB1C1D7-5DDB-4F7A-90AF-AE39C861DF5C}.Debug|x86.Build.0 = Debug|Any CPU
		{2DB1C1D7-5DDB-4F7A-90AF-AE39C861DF5C}.Release|Any CPU.ActiveCfg = Release|Any CPU
		{2DB1C1D7-5DDB-4F7A-90AF-AE39C861DF5C}.Release|Any CPU.Build.0 = Release|Any CPU
		{2DB1C1D7-5DDB-4F7A-90AF-AE39C861DF5C}.Release|x64.ActiveCfg = Release|Any CPU
		{2DB1C1D7-5DDB-4F7A-90AF-AE39C861DF5C}.Release|x64.Build.0 = Release|Any CPU
		{2DB1C1D7-5DDB-4F7A-90AF-AE39C861DF5C}.Release|x86.ActiveCfg = Release|Any CPU
		{2DB1C1D7-5DDB-4F7A-90AF-AE39C861DF5C}.Release|x86.Build.0 = Release|Any CPU
		{4DFC56CF-0635-4DF5-B947-2BB337515705}.Debug|Any CPU.ActiveCfg = Debug|Any CPU
		{4DFC56CF-0635-4DF5-B947-2BB337515705}.Debug|Any CPU.Build.0 = Debug|Any CPU
		{4DFC56CF-0635-4DF5-B947-2BB337515705}.Debug|x64.ActiveCfg = Debug|Any CPU
		{4DFC56CF-0635-4DF5-B947-2BB337515705}.Debug|x64.Build.0 = Debug|Any CPU
		{4DFC56CF-0635-4DF5-B947-2BB337515705}.Debug|x86.ActiveCfg = Debug|Any CPU
		{4DFC56CF-0635-4DF5-B947-2BB337515705}.Debug|x86.Build.0 = Debug|Any CPU
		{4DFC56CF-0635-4DF5-B947-2BB337515705}.Release|Any CPU.ActiveCfg = Release|Any CPU
		{4DFC56CF-0635-4DF5-B947-2BB337515705}.Release|Any CPU.Build.0 = Release|Any CPU
		{4DFC56CF-0635-4DF5-B947-2BB337515705}.Release|x64.ActiveCfg = Release|Any CPU
		{4DFC56CF-0635-4DF5-B947-2BB337515705}.Release|x64.Build.0 = Release|Any CPU
		{4DFC56CF-0635-4DF5-B947-2BB337515705}.Release|x86.ActiveCfg = Release|Any CPU
		{4DFC56CF-0635-4DF5-B947-2BB337515705}.Release|x86.Build.0 = Release|Any CPU
		{09D56EE5-8ED5-4E42-81EA-A21001885596}.Debug|Any CPU.ActiveCfg = Debug|Any CPU
		{09D56EE5-8ED5-4E42-81EA-A21001885596}.Debug|Any CPU.Build.0 = Debug|Any CPU
		{09D56EE5-8ED5-4E42-81EA-A21001885596}.Debug|x64.ActiveCfg = Debug|Any CPU
		{09D56EE5-8ED5-4E42-81EA-A21001885596}.Debug|x64.Build.0 = Debug|Any CPU
		{09D56EE5-8ED5-4E42-81EA-A21001885596}.Debug|x86.ActiveCfg = Debug|Any CPU
		{09D56EE5-8ED5-4E42-81EA-A21001885596}.Debug|x86.Build.0 = Debug|Any CPU
		{09D56EE5-8ED5-4E42-81EA-A21001885596}.Release|Any CPU.ActiveCfg = Release|Any CPU
		{09D56EE5-8ED5-4E42-81EA-A21001885596}.Release|Any CPU.Build.0 = Release|Any CPU
		{09D56EE5-8ED5-4E42-81EA-A21001885596}.Release|x64.ActiveCfg = Release|Any CPU
		{09D56EE5-8ED5-4E42-81EA-A21001885596}.Release|x64.Build.0 = Release|Any CPU
		{09D56EE5-8ED5-4E42-81EA-A21001885596}.Release|x86.ActiveCfg = Release|Any CPU
		{09D56EE5-8ED5-4E42-81EA-A21001885596}.Release|x86.Build.0 = Release|Any CPU
		{6FF537CD-0B88-46B1-9214-63EBC28D2B13}.Debug|Any CPU.ActiveCfg = Debug|Any CPU
		{6FF537CD-0B88-46B1-9214-63EBC28D2B13}.Debug|Any CPU.Build.0 = Debug|Any CPU
		{6FF537CD-0B88-46B1-9214-63EBC28D2B13}.Debug|x64.ActiveCfg = Debug|Any CPU
		{6FF537CD-0B88-46B1-9214-63EBC28D2B13}.Debug|x64.Build.0 = Debug|Any CPU
		{6FF537CD-0B88-46B1-9214-63EBC28D2B13}.Debug|x86.ActiveCfg = Debug|Any CPU
		{6FF537CD-0B88-46B1-9214-63EBC28D2B13}.Debug|x86.Build.0 = Debug|Any CPU
		{6FF537CD-0B88-46B1-9214-63EBC28D2B13}.Release|Any CPU.ActiveCfg = Release|Any CPU
		{6FF537CD-0B88-46B1-9214-63EBC28D2B13}.Release|Any CPU.Build.0 = Release|Any CPU
		{6FF537CD-0B88-46B1-9214-63EBC28D2B13}.Release|x64.ActiveCfg = Release|Any CPU
		{6FF537CD-0B88-46B1-9214-63EBC28D2B13}.Release|x64.Build.0 = Release|Any CPU
		{6FF537CD-0B88-46B1-9214-63EBC28D2B13}.Release|x86.ActiveCfg = Release|Any CPU
		{6FF537CD-0B88-46B1-9214-63EBC28D2B13}.Release|x86.Build.0 = Release|Any CPU
		{6D373CD2-D2E4-432F-99FA-F8722DFF987F}.Debug|Any CPU.ActiveCfg = Debug|Any CPU
		{6D373CD2-D2E4-432F-99FA-F8722DFF987F}.Debug|Any CPU.Build.0 = Debug|Any CPU
		{6D373CD2-D2E4-432F-99FA-F8722DFF987F}.Debug|x64.ActiveCfg = Debug|Any CPU
		{6D373CD2-D2E4-432F-99FA-F8722DFF987F}.Debug|x64.Build.0 = Debug|Any CPU
		{6D373CD2-D2E4-432F-99FA-F8722DFF987F}.Debug|x86.ActiveCfg = Debug|Any CPU
		{6D373CD2-D2E4-432F-99FA-F8722DFF987F}.Debug|x86.Build.0 = Debug|Any CPU
		{6D373CD2-D2E4-432F-99FA-F8722DFF987F}.Release|Any CPU.ActiveCfg = Release|Any CPU
		{6D373CD2-D2E4-432F-99FA-F8722DFF987F}.Release|Any CPU.Build.0 = Release|Any CPU
		{6D373CD2-D2E4-432F-99FA-F8722DFF987F}.Release|x64.ActiveCfg = Release|Any CPU
		{6D373CD2-D2E4-432F-99FA-F8722DFF987F}.Release|x64.Build.0 = Release|Any CPU
		{6D373CD2-D2E4-432F-99FA-F8722DFF987F}.Release|x86.ActiveCfg = Release|Any CPU
		{6D373CD2-D2E4-432F-99FA-F8722DFF987F}.Release|x86.Build.0 = Release|Any CPU
		{C5F503DC-47EE-40FA-95FD-632EF0698E84}.Debug|Any CPU.ActiveCfg = Debug|Any CPU
		{C5F503DC-47EE-40FA-95FD-632EF0698E84}.Debug|Any CPU.Build.0 = Debug|Any CPU
		{C5F503DC-47EE-40FA-95FD-632EF0698E84}.Debug|x64.ActiveCfg = Debug|Any CPU
		{C5F503DC-47EE-40FA-95FD-632EF0698E84}.Debug|x64.Build.0 = Debug|Any CPU
		{C5F503DC-47EE-40FA-95FD-632EF0698E84}.Debug|x86.ActiveCfg = Debug|Any CPU
		{C5F503DC-47EE-40FA-95FD-632EF0698E84}.Debug|x86.Build.0 = Debug|Any CPU
		{C5F503DC-47EE-40FA-95FD-632EF0698E84}.Release|Any CPU.ActiveCfg = Release|Any CPU
		{C5F503DC-47EE-40FA-95FD-632EF0698E84}.Release|Any CPU.Build.0 = Release|Any CPU
		{C5F503DC-47EE-40FA-95FD-632EF0698E84}.Release|x64.ActiveCfg = Release|Any CPU
		{C5F503DC-47EE-40FA-95FD-632EF0698E84}.Release|x64.Build.0 = Release|Any CPU
		{C5F503DC-47EE-40FA-95FD-632EF0698E84}.Release|x86.ActiveCfg = Release|Any CPU
		{C5F503DC-47EE-40FA-95FD-632EF0698E84}.Release|x86.Build.0 = Release|Any CPU
		{33640D46-67A5-417C-978F-B58D066B9CB9}.Debug|Any CPU.ActiveCfg = Debug|Any CPU
		{33640D46-67A5-417C-978F-B58D066B9CB9}.Debug|Any CPU.Build.0 = Debug|Any CPU
		{33640D46-67A5-417C-978F-B58D066B9CB9}.Debug|x64.ActiveCfg = Debug|Any CPU
		{33640D46-67A5-417C-978F-B58D066B9CB9}.Debug|x64.Build.0 = Debug|Any CPU
		{33640D46-67A5-417C-978F-B58D066B9CB9}.Debug|x86.ActiveCfg = Debug|Any CPU
		{33640D46-67A5-417C-978F-B58D066B9CB9}.Debug|x86.Build.0 = Debug|Any CPU
		{33640D46-67A5-417C-978F-B58D066B9CB9}.Release|Any CPU.ActiveCfg = Release|Any CPU
		{33640D46-67A5-417C-978F-B58D066B9CB9}.Release|Any CPU.Build.0 = Release|Any CPU
		{33640D46-67A5-417C-978F-B58D066B9CB9}.Release|x64.ActiveCfg = Release|Any CPU
		{33640D46-67A5-417C-978F-B58D066B9CB9}.Release|x64.Build.0 = Release|Any CPU
		{33640D46-67A5-417C-978F-B58D066B9CB9}.Release|x86.ActiveCfg = Release|Any CPU
		{33640D46-67A5-417C-978F-B58D066B9CB9}.Release|x86.Build.0 = Release|Any CPU
		{0E24369A-0712-454A-A2D1-1D38AC8A27D2}.Debug|Any CPU.ActiveCfg = Debug|Any CPU
		{0E24369A-0712-454A-A2D1-1D38AC8A27D2}.Debug|Any CPU.Build.0 = Debug|Any CPU
		{0E24369A-0712-454A-A2D1-1D38AC8A27D2}.Debug|x64.ActiveCfg = Debug|Any CPU
		{0E24369A-0712-454A-A2D1-1D38AC8A27D2}.Debug|x64.Build.0 = Debug|Any CPU
		{0E24369A-0712-454A-A2D1-1D38AC8A27D2}.Debug|x86.ActiveCfg = Debug|Any CPU
		{0E24369A-0712-454A-A2D1-1D38AC8A27D2}.Debug|x86.Build.0 = Debug|Any CPU
		{0E24369A-0712-454A-A2D1-1D38AC8A27D2}.Release|Any CPU.ActiveCfg = Release|Any CPU
		{0E24369A-0712-454A-A2D1-1D38AC8A27D2}.Release|Any CPU.Build.0 = Release|Any CPU
		{0E24369A-0712-454A-A2D1-1D38AC8A27D2}.Release|x64.ActiveCfg = Release|Any CPU
		{0E24369A-0712-454A-A2D1-1D38AC8A27D2}.Release|x64.Build.0 = Release|Any CPU
		{0E24369A-0712-454A-A2D1-1D38AC8A27D2}.Release|x86.ActiveCfg = Release|Any CPU
		{0E24369A-0712-454A-A2D1-1D38AC8A27D2}.Release|x86.Build.0 = Release|Any CPU
		{118CAE26-BF6B-4C18-A94C-B7388B0C062C}.Debug|Any CPU.ActiveCfg = Debug|Any CPU
		{118CAE26-BF6B-4C18-A94C-B7388B0C062C}.Debug|Any CPU.Build.0 = Debug|Any CPU
		{118CAE26-BF6B-4C18-A94C-B7388B0C062C}.Debug|x64.ActiveCfg = Debug|Any CPU
		{118CAE26-BF6B-4C18-A94C-B7388B0C062C}.Debug|x64.Build.0 = Debug|Any CPU
		{118CAE26-BF6B-4C18-A94C-B7388B0C062C}.Debug|x86.ActiveCfg = Debug|Any CPU
		{118CAE26-BF6B-4C18-A94C-B7388B0C062C}.Debug|x86.Build.0 = Debug|Any CPU
		{118CAE26-BF6B-4C18-A94C-B7388B0C062C}.Release|Any CPU.ActiveCfg = Release|Any CPU
		{118CAE26-BF6B-4C18-A94C-B7388B0C062C}.Release|Any CPU.Build.0 = Release|Any CPU
		{118CAE26-BF6B-4C18-A94C-B7388B0C062C}.Release|x64.ActiveCfg = Release|Any CPU
		{118CAE26-BF6B-4C18-A94C-B7388B0C062C}.Release|x64.Build.0 = Release|Any CPU
		{118CAE26-BF6B-4C18-A94C-B7388B0C062C}.Release|x86.ActiveCfg = Release|Any CPU
		{118CAE26-BF6B-4C18-A94C-B7388B0C062C}.Release|x86.Build.0 = Release|Any CPU
		{49A69F4E-FB55-42CF-91CE-08137FCFA9A6}.Debug|Any CPU.ActiveCfg = Debug|Any CPU
		{49A69F4E-FB55-42CF-91CE-08137FCFA9A6}.Debug|Any CPU.Build.0 = Debug|Any CPU
		{49A69F4E-FB55-42CF-91CE-08137FCFA9A6}.Debug|x64.ActiveCfg = Debug|Any CPU
		{49A69F4E-FB55-42CF-91CE-08137FCFA9A6}.Debug|x64.Build.0 = Debug|Any CPU
		{49A69F4E-FB55-42CF-91CE-08137FCFA9A6}.Debug|x86.ActiveCfg = Debug|Any CPU
		{49A69F4E-FB55-42CF-91CE-08137FCFA9A6}.Debug|x86.Build.0 = Debug|Any CPU
		{49A69F4E-FB55-42CF-91CE-08137FCFA9A6}.Release|Any CPU.ActiveCfg = Release|Any CPU
		{49A69F4E-FB55-42CF-91CE-08137FCFA9A6}.Release|Any CPU.Build.0 = Release|Any CPU
		{49A69F4E-FB55-42CF-91CE-08137FCFA9A6}.Release|x64.ActiveCfg = Release|Any CPU
		{49A69F4E-FB55-42CF-91CE-08137FCFA9A6}.Release|x64.Build.0 = Release|Any CPU
		{49A69F4E-FB55-42CF-91CE-08137FCFA9A6}.Release|x86.ActiveCfg = Release|Any CPU
		{49A69F4E-FB55-42CF-91CE-08137FCFA9A6}.Release|x86.Build.0 = Release|Any CPU
		{75A9690F-99E9-4319-A410-E19A8D374753}.Debug|Any CPU.ActiveCfg = Debug|Any CPU
		{75A9690F-99E9-4319-A410-E19A8D374753}.Debug|Any CPU.Build.0 = Debug|Any CPU
		{75A9690F-99E9-4319-A410-E19A8D374753}.Debug|x64.ActiveCfg = Debug|Any CPU
		{75A9690F-99E9-4319-A410-E19A8D374753}.Debug|x64.Build.0 = Debug|Any CPU
		{75A9690F-99E9-4319-A410-E19A8D374753}.Debug|x86.ActiveCfg = Debug|Any CPU
		{75A9690F-99E9-4319-A410-E19A8D374753}.Debug|x86.Build.0 = Debug|Any CPU
		{75A9690F-99E9-4319-A410-E19A8D374753}.Release|Any CPU.ActiveCfg = Release|Any CPU
		{75A9690F-99E9-4319-A410-E19A8D374753}.Release|Any CPU.Build.0 = Release|Any CPU
		{75A9690F-99E9-4319-A410-E19A8D374753}.Release|x64.ActiveCfg = Release|Any CPU
		{75A9690F-99E9-4319-A410-E19A8D374753}.Release|x64.Build.0 = Release|Any CPU
		{75A9690F-99E9-4319-A410-E19A8D374753}.Release|x86.ActiveCfg = Release|Any CPU
		{75A9690F-99E9-4319-A410-E19A8D374753}.Release|x86.Build.0 = Release|Any CPU
		{95B6CF78-9E9D-4CE0-88D3-241517565268}.Debug|Any CPU.ActiveCfg = Debug|Any CPU
		{95B6CF78-9E9D-4CE0-88D3-241517565268}.Debug|Any CPU.Build.0 = Debug|Any CPU
		{95B6CF78-9E9D-4CE0-88D3-241517565268}.Debug|x64.ActiveCfg = Debug|Any CPU
		{95B6CF78-9E9D-4CE0-88D3-241517565268}.Debug|x64.Build.0 = Debug|Any CPU
		{95B6CF78-9E9D-4CE0-88D3-241517565268}.Debug|x86.ActiveCfg = Debug|Any CPU
		{95B6CF78-9E9D-4CE0-88D3-241517565268}.Debug|x86.Build.0 = Debug|Any CPU
		{95B6CF78-9E9D-4CE0-88D3-241517565268}.Release|Any CPU.ActiveCfg = Release|Any CPU
		{95B6CF78-9E9D-4CE0-88D3-241517565268}.Release|Any CPU.Build.0 = Release|Any CPU
		{95B6CF78-9E9D-4CE0-88D3-241517565268}.Release|x64.ActiveCfg = Release|Any CPU
		{95B6CF78-9E9D-4CE0-88D3-241517565268}.Release|x64.Build.0 = Release|Any CPU
		{95B6CF78-9E9D-4CE0-88D3-241517565268}.Release|x86.ActiveCfg = Release|Any CPU
		{95B6CF78-9E9D-4CE0-88D3-241517565268}.Release|x86.Build.0 = Release|Any CPU
		{D1AD94A4-C7D0-4BB6-BCE1-6B4E15A6500A}.Debug|Any CPU.ActiveCfg = Debug|Any CPU
		{D1AD94A4-C7D0-4BB6-BCE1-6B4E15A6500A}.Debug|Any CPU.Build.0 = Debug|Any CPU
		{D1AD94A4-C7D0-4BB6-BCE1-6B4E15A6500A}.Debug|x64.ActiveCfg = Debug|Any CPU
		{D1AD94A4-C7D0-4BB6-BCE1-6B4E15A6500A}.Debug|x64.Build.0 = Debug|Any CPU
		{D1AD94A4-C7D0-4BB6-BCE1-6B4E15A6500A}.Debug|x86.ActiveCfg = Debug|Any CPU
		{D1AD94A4-C7D0-4BB6-BCE1-6B4E15A6500A}.Debug|x86.Build.0 = Debug|Any CPU
		{D1AD94A4-C7D0-4BB6-BCE1-6B4E15A6500A}.Release|Any CPU.ActiveCfg = Release|Any CPU
		{D1AD94A4-C7D0-4BB6-BCE1-6B4E15A6500A}.Release|Any CPU.Build.0 = Release|Any CPU
		{D1AD94A4-C7D0-4BB6-BCE1-6B4E15A6500A}.Release|x64.ActiveCfg = Release|Any CPU
		{D1AD94A4-C7D0-4BB6-BCE1-6B4E15A6500A}.Release|x64.Build.0 = Release|Any CPU
		{D1AD94A4-C7D0-4BB6-BCE1-6B4E15A6500A}.Release|x86.ActiveCfg = Release|Any CPU
		{D1AD94A4-C7D0-4BB6-BCE1-6B4E15A6500A}.Release|x86.Build.0 = Release|Any CPU
		{477A3FD3-423B-43CE-B26A-9145574FD5F2}.Debug|Any CPU.ActiveCfg = Debug|Any CPU
		{477A3FD3-423B-43CE-B26A-9145574FD5F2}.Debug|Any CPU.Build.0 = Debug|Any CPU
		{477A3FD3-423B-43CE-B26A-9145574FD5F2}.Debug|x64.ActiveCfg = Debug|Any CPU
		{477A3FD3-423B-43CE-B26A-9145574FD5F2}.Debug|x64.Build.0 = Debug|Any CPU
		{477A3FD3-423B-43CE-B26A-9145574FD5F2}.Debug|x86.ActiveCfg = Debug|Any CPU
		{477A3FD3-423B-43CE-B26A-9145574FD5F2}.Debug|x86.Build.0 = Debug|Any CPU
		{477A3FD3-423B-43CE-B26A-9145574FD5F2}.Release|Any CPU.ActiveCfg = Release|Any CPU
		{477A3FD3-423B-43CE-B26A-9145574FD5F2}.Release|Any CPU.Build.0 = Release|Any CPU
		{477A3FD3-423B-43CE-B26A-9145574FD5F2}.Release|x64.ActiveCfg = Release|Any CPU
		{477A3FD3-423B-43CE-B26A-9145574FD5F2}.Release|x64.Build.0 = Release|Any CPU
		{477A3FD3-423B-43CE-B26A-9145574FD5F2}.Release|x86.ActiveCfg = Release|Any CPU
		{477A3FD3-423B-43CE-B26A-9145574FD5F2}.Release|x86.Build.0 = Release|Any CPU
	EndGlobalSection
	GlobalSection(SolutionProperties) = preSolution
		HideSolutionNode = FALSE
	EndGlobalSection
	GlobalSection(NestedProjects) = preSolution
		{90298CBA-BD6F-3A0A-69D5-97CAD7B05E7E} = {827E0CD3-B72D-47B6-A68D-7590B98EB39B}
		{81C1F6D8-810B-49E7-A29E-9BCC51F4F868} = {90298CBA-BD6F-3A0A-69D5-97CAD7B05E7E}
		{DCBAFFBC-7883-458B-AFF5-8164663C077D} = {90298CBA-BD6F-3A0A-69D5-97CAD7B05E7E}
		{EC07DEF2-B2E7-467F-B56E-9199193513BE} = {90298CBA-BD6F-3A0A-69D5-97CAD7B05E7E}
		{D4B58F36-69E3-463A-A2C1-E4F8B247112D} = {90298CBA-BD6F-3A0A-69D5-97CAD7B05E7E}
		{97467A93-E00B-483A-BA10-65C9CC737731} = {90298CBA-BD6F-3A0A-69D5-97CAD7B05E7E}
		{B2ECB11B-131A-43F6-9872-4F7397399C83} = {827E0CD3-B72D-47B6-A68D-7590B98EB39B}
		{984BB9B3-3FA3-BE33-9484-CAC21695A33C} = {827E0CD3-B72D-47B6-A68D-7590B98EB39B}
		{C91C1CF1-1625-0789-F869-53D87D6277BA} = {984BB9B3-3FA3-BE33-9484-CAC21695A33C}
		{8E82A973-B455-4B07-8DCE-2993C0598298} = {C91C1CF1-1625-0789-F869-53D87D6277BA}
		{5E618790-981B-402F-8BA7-9C74A9CB7244} = {C91C1CF1-1625-0789-F869-53D87D6277BA}
		{29F54D28-D068-4E5E-B388-DAABC3366862} = {C91C1CF1-1625-0789-F869-53D87D6277BA}
		{AB1F4706-C4F2-4107-AA78-7A5A21258B6A} = {C91C1CF1-1625-0789-F869-53D87D6277BA}
		{6C0557C3-B1C9-A54D-46F8-F4FBBDE30E30} = {984BB9B3-3FA3-BE33-9484-CAC21695A33C}
		{498744B2-8E24-42E8-94D3-D6DFFE251928} = {6C0557C3-B1C9-A54D-46F8-F4FBBDE30E30}
		{51E47431-AAB1-4CFA-8920-2E49A284B8D9} = {6C0557C3-B1C9-A54D-46F8-F4FBBDE30E30}
		{765C16C1-6402-45CE-8D4E-7B56993D9DF9} = {6C0557C3-B1C9-A54D-46F8-F4FBBDE30E30}
		{A63D3306-A31A-4AD6-B182-335EB974ED59} = {6C0557C3-B1C9-A54D-46F8-F4FBBDE30E30}
		{D3BAB01C-7F3F-8576-96BE-8BE70C9B9915} = {984BB9B3-3FA3-BE33-9484-CAC21695A33C}
		{D6FE4B82-DCBE-46F7-8B76-1B473A497DB0} = {D3BAB01C-7F3F-8576-96BE-8BE70C9B9915}
		{658F6793-8E7C-4152-8A4E-9A70DF26E572} = {D3BAB01C-7F3F-8576-96BE-8BE70C9B9915}
		{FB7EEAEE-5A76-4879-A9A7-AA756A7AE2F1} = {D3BAB01C-7F3F-8576-96BE-8BE70C9B9915}
		{475D32E5-46DA-434F-AFC3-C7D8564CEB49} = {D3BAB01C-7F3F-8576-96BE-8BE70C9B9915}
		{5EC7D7C0-92C4-4538-A42D-DB8ADF107B3A} = {0AB3BF05-4346-4AA6-1389-037BE0695223}
		{6E9DB235-84A9-4AB0-919F-DE19574AACE5} = {0AB3BF05-4346-4AA6-1389-037BE0695223}
		{D4A795FF-BB6C-4CB1-8931-59681FDA6937} = {0AB3BF05-4346-4AA6-1389-037BE0695223}
		{5A097297-1668-4A69-B20C-01E726F69669} = {0AB3BF05-4346-4AA6-1389-037BE0695223}
		{3FB03296-F262-2760-9861-73C41AF3766C} = {984BB9B3-3FA3-BE33-9484-CAC21695A33C}
		{4A1C33A3-B58D-4C64-B48D-BF463AA09716} = {3FB03296-F262-2760-9861-73C41AF3766C}
		{2DB1C1D7-5DDB-4F7A-90AF-AE39C861DF5C} = {3FB03296-F262-2760-9861-73C41AF3766C}
		{4DFC56CF-0635-4DF5-B947-2BB337515705} = {3FB03296-F262-2760-9861-73C41AF3766C}
		{CA15E31E-CB60-F235-5CDF-2E527A86A72C} = {984BB9B3-3FA3-BE33-9484-CAC21695A33C}
		{09D56EE5-8ED5-4E42-81EA-A21001885596} = {CA15E31E-CB60-F235-5CDF-2E527A86A72C}
		{6FF537CD-0B88-46B1-9214-63EBC28D2B13} = {CA15E31E-CB60-F235-5CDF-2E527A86A72C}
		{6D373CD2-D2E4-432F-99FA-F8722DFF987F} = {CA15E31E-CB60-F235-5CDF-2E527A86A72C}
		{C5F503DC-47EE-40FA-95FD-632EF0698E84} = {CA15E31E-CB60-F235-5CDF-2E527A86A72C}
		{C5FBE174-8E0F-F5A3-B929-8BD0C55C0A32} = {984BB9B3-3FA3-BE33-9484-CAC21695A33C}
		{33640D46-67A5-417C-978F-B58D066B9CB9} = {C5FBE174-8E0F-F5A3-B929-8BD0C55C0A32}
		{0E24369A-0712-454A-A2D1-1D38AC8A27D2} = {C5FBE174-8E0F-F5A3-B929-8BD0C55C0A32}
		{118CAE26-BF6B-4C18-A94C-B7388B0C062C} = {C5FBE174-8E0F-F5A3-B929-8BD0C55C0A32}
		{1BFC9479-12BF-35C3-06B8-42D89D95092B} = {984BB9B3-3FA3-BE33-9484-CAC21695A33C}
		{49A69F4E-FB55-42CF-91CE-08137FCFA9A6} = {1BFC9479-12BF-35C3-06B8-42D89D95092B}
		{75A9690F-99E9-4319-A410-E19A8D374753} = {1BFC9479-12BF-35C3-06B8-42D89D95092B}
		{95B6CF78-9E9D-4CE0-88D3-241517565268} = {1BFC9479-12BF-35C3-06B8-42D89D95092B}
		{D1AD94A4-C7D0-4BB6-BCE1-6B4E15A6500A} = {1BFC9479-12BF-35C3-06B8-42D89D95092B}
		{477A3FD3-423B-43CE-B26A-9145574FD5F2} = {0AB3BF05-4346-4AA6-1389-037BE0695223}
	EndGlobalSection
EndGlobal
